
Microsoft Visual Studio Solution File, Format Version 12.00
# Visual Studio 15
VisualStudioVersion = 15.0.26430.6
MinimumVisualStudioVersion = 10.0.40219.1
Project("{9A19103F-16F7-4668-BE54-9A1E7A4F7556}") = "CosmicMixer", "CosmicMixer\CosmicMixer.csproj", "{F3BD85C9-4945-4915-8C0E-FBE8D3060B29}"
EndProject
Project("{2150E333-8FDC-42A3-9474-1A3956D46DE8}") = ".vscode", ".vscode", "{3D091A3E-ED37-4D6A-8777-044550546BE7}"
	ProjectSection(SolutionItems) = preProject
		CosmicMixer\.vscode\launch.json = CosmicMixer\.vscode\launch.json
		CosmicMixer\.vscode\tasks.json = CosmicMixer\.vscode\tasks.json
	EndProjectSection
EndProject
Global
	GlobalSection(SolutionConfigurationPlatforms) = preSolution
		Debug|Any CPU = Debug|Any CPU
		Release|Any CPU = Release|Any CPU
	EndGlobalSection
	GlobalSection(ProjectConfigurationPlatforms) = postSolution
		{F3BD85C9-4945-4915-8C0E-FBE8D3060B29}.Debug|Any CPU.ActiveCfg = Debug|Any CPU
		{F3BD85C9-4945-4915-8C0E-FBE8D3060B29}.Debug|Any CPU.Build.0 = Debug|Any CPU
		{F3BD85C9-4945-4915-8C0E-FBE8D3060B29}.Release|Any CPU.ActiveCfg = Release|Any CPU
		{F3BD85C9-4945-4915-8C0E-FBE8D3060B29}.Release|Any CPU.Build.0 = Release|Any CPU
	EndGlobalSection
	GlobalSection(SolutionProperties) = preSolution
		HideSolutionNode = FALSE
	EndGlobalSection
EndGlobal
